
Microsoft Visual Studio Solution File, Format Version 12.00
Project("{FAE04EC0-301F-11D3-BF4B-00C04F79EFBC}") = "w3dniDoSetki", "w3dniDoSetki.csproj", "{7E19D122-A491-4F2A-A778-D83554C9E984}"
EndProject
Global
	GlobalSection(SolutionConfigurationPlatforms) = preSolution
		Debug|Any CPU = Debug|Any CPU
		Release|Any CPU = Release|Any CPU
	EndGlobalSection
	GlobalSection(ProjectConfigurationPlatforms) = postSolution
		{7E19D122-A491-4F2A-A778-D83554C9E984}.Debug|Any CPU.ActiveCfg = Debug|Any CPU
		{7E19D122-A491-4F2A-A778-D83554C9E984}.Debug|Any CPU.Build.0 = Debug|Any CPU
		{7E19D122-A491-4F2A-A778-D83554C9E984}.Release|Any CPU.ActiveCfg = Release|Any CPU
		{7E19D122-A491-4F2A-A778-D83554C9E984}.Release|Any CPU.Build.0 = Release|Any CPU
	EndGlobalSection
EndGlobal
